// !$*UTF8*$!
{
	archiveVersion = 1;
	classes = {
	};
	objectVersion = 51;
	objects = {

/* Begin PBXBuildFile section */
		DB624DBF22906AA60069C25F /* PointerView.swift in Sources */ = {isa = PBXBuildFile; fileRef = DB624DBE22906AA60069C25F /* PointerView.swift */; };
		DB624DF0229083DA0069C25F /* EditsMode.swift in Sources */ = {isa = PBXBuildFile; fileRef = DB624DEF229083DA0069C25F /* EditsMode.swift */; };
		DB624DF2229085C30069C25F /* Packets.swift in Sources */ = {isa = PBXBuildFile; fileRef = DB624DF1229085C30069C25F /* Packets.swift */; };
		DB785D642272104000C391F9 /* SCNVector3+MathUtils.swift in Sources */ = {isa = PBXBuildFile; fileRef = DB785D632272104000C391F9 /* SCNVector3+MathUtils.swift */; };
		DB83719D2270C4520051F701 /* BouncyView.swift in Sources */ = {isa = PBXBuildFile; fileRef = DB83719B2270C4520051F701 /* BouncyView.swift */; };
		DB83719E2270C4520051F701 /* BoldCell.swift in Sources */ = {isa = PBXBuildFile; fileRef = DB83719C2270C4520051F701 /* BoldCell.swift */; };
		DB8371A02270C4750051F701 /* EditView.swift in Sources */ = {isa = PBXBuildFile; fileRef = DB83719F2270C4750051F701 /* EditView.swift */; };
		DB8371A42270C48D0051F701 /* CreationObjectDataSource.swift in Sources */ = {isa = PBXBuildFile; fileRef = DB8371A22270C48D0051F701 /* CreationObjectDataSource.swift */; };
		DB8371A72270C75A0051F701 /* Extensions.swift in Sources */ = {isa = PBXBuildFile; fileRef = DB8371A62270C75A0051F701 /* Extensions.swift */; };
		DB9DD6872270871700EF7EC8 /* AppDelegate.swift in Sources */ = {isa = PBXBuildFile; fileRef = DB9DD6862270871700EF7EC8 /* AppDelegate.swift */; };
		DB9DD6892270871700EF7EC8 /* Assets.scnassets in Resources */ = {isa = PBXBuildFile; fileRef = DB9DD6882270871700EF7EC8 /* Assets.scnassets */; };
		DB9DD68B2270871700EF7EC8 /* ViewController.swift in Sources */ = {isa = PBXBuildFile; fileRef = DB9DD68A2270871700EF7EC8 /* ViewController.swift */; };
		DB9DD68E2270871700EF7EC8 /* Main.storyboard in Resources */ = {isa = PBXBuildFile; fileRef = DB9DD68C2270871700EF7EC8 /* Main.storyboard */; };
		DB9DD6902270871800EF7EC8 /* Assets.xcassets in Resources */ = {isa = PBXBuildFile; fileRef = DB9DD68F2270871800EF7EC8 /* Assets.xcassets */; };
		DB9DD6932270871800EF7EC8 /* LaunchScreen.storyboard in Resources */ = {isa = PBXBuildFile; fileRef = DB9DD6912270871800EF7EC8 /* LaunchScreen.storyboard */; };
		DBA7393D2271C60D001BF29E /* Saver.swift in Sources */ = {isa = PBXBuildFile; fileRef = DBA7393A2271C60D001BF29E /* Saver.swift */; };
		DBA7393E2271C60D001BF29E /* Loader.swift in Sources */ = {isa = PBXBuildFile; fileRef = DBA7393B2271C60D001BF29E /* Loader.swift */; };
		DBA7393F2271C60D001BF29E /* DiskObjects.swift in Sources */ = {isa = PBXBuildFile; fileRef = DBA7393C2271C60D001BF29E /* DiskObjects.swift */; };
		DBB7932222708ACA007EB614 /* Line.swift in Sources */ = {isa = PBXBuildFile; fileRef = DBB7931122708ACA007EB614 /* Line.swift */; };
		DBB7932322708ACA007EB614 /* AND.swift in Sources */ = {isa = PBXBuildFile; fileRef = DBB7931322708ACA007EB614 /* AND.swift */; };
		DBB7932422708ACA007EB614 /* Pulsante.swift in Sources */ = {isa = PBXBuildFile; fileRef = DBB7931422708ACA007EB614 /* Pulsante.swift */; };
		DBB7932522708ACA007EB614 /* CinqueDueBistabile.swift in Sources */ = {isa = PBXBuildFile; fileRef = DBB7931522708ACA007EB614 /* CinqueDueBistabile.swift */; };
		DBB7932622708ACA007EB614 /* TreDueMonostabileNC.swift in Sources */ = {isa = PBXBuildFile; fileRef = DBB7931622708ACA007EB614 /* TreDueMonostabileNC.swift */; };
		DBB7932722708ACA007EB614 /* Timer.swift in Sources */ = {isa = PBXBuildFile; fileRef = DBB7931722708ACA007EB614 /* Timer.swift */; };
		DBB7932822708ACA007EB614 /* GruppooFRL.swift in Sources */ = {isa = PBXBuildFile; fileRef = DBB7931822708ACA007EB614 /* GruppooFRL.swift */; };
		DBB7932922708ACA007EB614 /* TreDueBistabile.swift in Sources */ = {isa = PBXBuildFile; fileRef = DBB7931922708ACA007EB614 /* TreDueBistabile.swift */; };
		DBB7932A22708ACA007EB614 /* Cilindro.swift in Sources */ = {isa = PBXBuildFile; fileRef = DBB7931A22708ACA007EB614 /* Cilindro.swift */; };
		DBB7932B22708ACA007EB614 /* Finecorsa.swift in Sources */ = {isa = PBXBuildFile; fileRef = DBB7931B22708ACA007EB614 /* Finecorsa.swift */; };
		DBB7932C22708ACA007EB614 /* OR.swift in Sources */ = {isa = PBXBuildFile; fileRef = DBB7931C22708ACA007EB614 /* OR.swift */; };
		DBB7932D22708ACA007EB614 /* CinqueDueMonostabili.swift in Sources */ = {isa = PBXBuildFile; fileRef = DBB7931D22708ACA007EB614 /* CinqueDueMonostabili.swift */; };
		DBB7932E22708ACA007EB614 /* Protocols.swift in Sources */ = {isa = PBXBuildFile; fileRef = DBB7931E22708ACA007EB614 /* Protocols.swift */; };
		DBB7932F22708ACA007EB614 /* PressableInput.swift in Sources */ = {isa = PBXBuildFile; fileRef = DBB7932022708ACA007EB614 /* PressableInput.swift */; };
		DBB7933022708ACA007EB614 /* InputOutput.swift in Sources */ = {isa = PBXBuildFile; fileRef = DBB7932122708ACA007EB614 /* InputOutput.swift */; };
		DBB7933422708B2B007EB614 /* hp3.jpg in Resources */ = {isa = PBXBuildFile; fileRef = DBB7933222708B2B007EB614 /* hp3.jpg */; };
		DBB7933522708B2B007EB614 /* hp.jpg in Resources */ = {isa = PBXBuildFile; fileRef = DBB7933322708B2B007EB614 /* hp.jpg */; };
		DBB7933722708B57007EB614 /* Plane.swift in Sources */ = {isa = PBXBuildFile; fileRef = DBB7933622708B57007EB614 /* Plane.swift */; };
		DBB7933922708BB9007EB614 /* Utilities.swift in Sources */ = {isa = PBXBuildFile; fileRef = DBB7933822708BB9007EB614 /* Utilities.swift */; };
/* End PBXBuildFile section */

/* Begin PBXFileReference section */
		DB48E95122919C0600EC3AED /* SwiftEntryKit.framework */ = {isa = PBXFileReference; lastKnownFileType = wrapper.framework; name = SwiftEntryKit.framework; path = Frameworks/Carthage/Build/iOS/SwiftEntryKit.framework; sourceTree = "<group>"; };
		DB48E95322919D6500EC3AED /* QuickLayout.framework */ = {isa = PBXFileReference; lastKnownFileType = wrapper.framework; name = QuickLayout.framework; path = Frameworks/Carthage/Build/iOS/QuickLayout.framework; sourceTree = "<group>"; };
		DB624DBE22906AA60069C25F /* PointerView.swift */ = {isa = PBXFileReference; lastKnownFileType = sourcecode.swift; path = PointerView.swift; sourceTree = "<group>"; };
		DB624DEF229083DA0069C25F /* EditsMode.swift */ = {isa = PBXFileReference; lastKnownFileType = sourcecode.swift; path = EditsMode.swift; sourceTree = "<group>"; };
		DB624DF1229085C30069C25F /* Packets.swift */ = {isa = PBXFileReference; fileEncoding = 4; lastKnownFileType = sourcecode.swift; path = Packets.swift; sourceTree = "<group>"; };
		DB785D632272104000C391F9 /* SCNVector3+MathUtils.swift */ = {isa = PBXFileReference; fileEncoding = 4; lastKnownFileType = sourcecode.swift; path = "SCNVector3+MathUtils.swift"; sourceTree = "<group>"; };
		DB83719B2270C4520051F701 /* BouncyView.swift */ = {isa = PBXFileReference; fileEncoding = 4; lastKnownFileType = sourcecode.swift; path = BouncyView.swift; sourceTree = "<group>"; };
		DB83719C2270C4520051F701 /* BoldCell.swift */ = {isa = PBXFileReference; fileEncoding = 4; lastKnownFileType = sourcecode.swift; path = BoldCell.swift; sourceTree = "<group>"; };
		DB83719F2270C4750051F701 /* EditView.swift */ = {isa = PBXFileReference; fileEncoding = 4; lastKnownFileType = sourcecode.swift; path = EditView.swift; sourceTree = "<group>"; };
		DB8371A22270C48D0051F701 /* CreationObjectDataSource.swift */ = {isa = PBXFileReference; fileEncoding = 4; lastKnownFileType = sourcecode.swift; path = CreationObjectDataSource.swift; sourceTree = "<group>"; };
		DB8371A62270C75A0051F701 /* Extensions.swift */ = {isa = PBXFileReference; fileEncoding = 4; lastKnownFileType = sourcecode.swift; path = Extensions.swift; sourceTree = "<group>"; };
		DB9DD6832270871700EF7EC8 /* Pneumatica-ARKit.app */ = {isa = PBXFileReference; explicitFileType = wrapper.application; includeInIndex = 0; path = "Pneumatica-ARKit.app"; sourceTree = BUILT_PRODUCTS_DIR; };
		DB9DD6862270871700EF7EC8 /* AppDelegate.swift */ = {isa = PBXFileReference; lastKnownFileType = sourcecode.swift; path = AppDelegate.swift; sourceTree = "<group>"; };
		DB9DD6882270871700EF7EC8 /* Assets.scnassets */ = {isa = PBXFileReference; lastKnownFileType = wrapper.scnassets; path = Assets.scnassets; sourceTree = "<group>"; };
		DB9DD68A2270871700EF7EC8 /* ViewController.swift */ = {isa = PBXFileReference; lastKnownFileType = sourcecode.swift; path = ViewController.swift; sourceTree = "<group>"; };
		DB9DD68D2270871700EF7EC8 /* Base */ = {isa = PBXFileReference; lastKnownFileType = file.storyboard; name = Base; path = Base.lproj/Main.storyboard; sourceTree = "<group>"; };
		DB9DD68F2270871800EF7EC8 /* Assets.xcassets */ = {isa = PBXFileReference; lastKnownFileType = folder.assetcatalog; path = Assets.xcassets; sourceTree = "<group>"; };
		DB9DD6922270871800EF7EC8 /* Base */ = {isa = PBXFileReference; lastKnownFileType = file.storyboard; name = Base; path = Base.lproj/LaunchScreen.storyboard; sourceTree = "<group>"; };
		DB9DD6942270871800EF7EC8 /* Info.plist */ = {isa = PBXFileReference; lastKnownFileType = text.plist.xml; path = Info.plist; sourceTree = "<group>"; };
		DBA7393A2271C60D001BF29E /* Saver.swift */ = {isa = PBXFileReference; fileEncoding = 4; lastKnownFileType = sourcecode.swift; path = Saver.swift; sourceTree = "<group>"; };
		DBA7393B2271C60D001BF29E /* Loader.swift */ = {isa = PBXFileReference; fileEncoding = 4; lastKnownFileType = sourcecode.swift; path = Loader.swift; sourceTree = "<group>"; };
		DBA7393C2271C60D001BF29E /* DiskObjects.swift */ = {isa = PBXFileReference; fileEncoding = 4; lastKnownFileType = sourcecode.swift; path = DiskObjects.swift; sourceTree = "<group>"; };
		DBB7931122708ACA007EB614 /* Line.swift */ = {isa = PBXFileReference; fileEncoding = 4; lastKnownFileType = sourcecode.swift; path = Line.swift; sourceTree = "<group>"; };
		DBB7931322708ACA007EB614 /* AND.swift */ = {isa = PBXFileReference; fileEncoding = 4; lastKnownFileType = sourcecode.swift; path = AND.swift; sourceTree = "<group>"; };
		DBB7931422708ACA007EB614 /* Pulsante.swift */ = {isa = PBXFileReference; fileEncoding = 4; lastKnownFileType = sourcecode.swift; path = Pulsante.swift; sourceTree = "<group>"; };
		DBB7931522708ACA007EB614 /* CinqueDueBistabile.swift */ = {isa = PBXFileReference; fileEncoding = 4; lastKnownFileType = sourcecode.swift; path = CinqueDueBistabile.swift; sourceTree = "<group>"; };
		DBB7931622708ACA007EB614 /* TreDueMonostabileNC.swift */ = {isa = PBXFileReference; fileEncoding = 4; lastKnownFileType = sourcecode.swift; path = TreDueMonostabileNC.swift; sourceTree = "<group>"; };
		DBB7931722708ACA007EB614 /* Timer.swift */ = {isa = PBXFileReference; fileEncoding = 4; lastKnownFileType = sourcecode.swift; path = Timer.swift; sourceTree = "<group>"; };
		DBB7931822708ACA007EB614 /* GruppooFRL.swift */ = {isa = PBXFileReference; fileEncoding = 4; lastKnownFileType = sourcecode.swift; path = GruppooFRL.swift; sourceTree = "<group>"; };
		DBB7931922708ACA007EB614 /* TreDueBistabile.swift */ = {isa = PBXFileReference; fileEncoding = 4; lastKnownFileType = sourcecode.swift; path = TreDueBistabile.swift; sourceTree = "<group>"; };
		DBB7931A22708ACA007EB614 /* Cilindro.swift */ = {isa = PBXFileReference; fileEncoding = 4; lastKnownFileType = sourcecode.swift; path = Cilindro.swift; sourceTree = "<group>"; };
		DBB7931B22708ACA007EB614 /* Finecorsa.swift */ = {isa = PBXFileReference; fileEncoding = 4; lastKnownFileType = sourcecode.swift; path = Finecorsa.swift; sourceTree = "<group>"; };
		DBB7931C22708ACA007EB614 /* OR.swift */ = {isa = PBXFileReference; fileEncoding = 4; lastKnownFileType = sourcecode.swift; path = OR.swift; sourceTree = "<group>"; };
		DBB7931D22708ACA007EB614 /* CinqueDueMonostabili.swift */ = {isa = PBXFileReference; fileEncoding = 4; lastKnownFileType = sourcecode.swift; path = CinqueDueMonostabili.swift; sourceTree = "<group>"; };
		DBB7931E22708ACA007EB614 /* Protocols.swift */ = {isa = PBXFileReference; fileEncoding = 4; lastKnownFileType = sourcecode.swift; path = Protocols.swift; sourceTree = "<group>"; };
		DBB7932022708ACA007EB614 /* PressableInput.swift */ = {isa = PBXFileReference; fileEncoding = 4; lastKnownFileType = sourcecode.swift; path = PressableInput.swift; sourceTree = "<group>"; };
		DBB7932122708ACA007EB614 /* InputOutput.swift */ = {isa = PBXFileReference; fileEncoding = 4; lastKnownFileType = sourcecode.swift; path = InputOutput.swift; sourceTree = "<group>"; };
		DBB7933222708B2B007EB614 /* hp3.jpg */ = {isa = PBXFileReference; lastKnownFileType = image.jpeg; path = hp3.jpg; sourceTree = "<group>"; };
		DBB7933322708B2B007EB614 /* hp.jpg */ = {isa = PBXFileReference; lastKnownFileType = image.jpeg; path = hp.jpg; sourceTree = "<group>"; };
		DBB7933622708B57007EB614 /* Plane.swift */ = {isa = PBXFileReference; fileEncoding = 4; lastKnownFileType = sourcecode.swift; path = Plane.swift; sourceTree = "<group>"; };
		DBB7933822708BB9007EB614 /* Utilities.swift */ = {isa = PBXFileReference; fileEncoding = 4; lastKnownFileType = sourcecode.swift; path = Utilities.swift; sourceTree = "<group>"; };
/* End PBXFileReference section */

/* Begin PBXFrameworksBuildPhase section */
		DB9DD6802270871700EF7EC8 /* Frameworks */ = {
			isa = PBXFrameworksBuildPhase;
			buildActionMask = 2147483647;
			files = (
			);
			runOnlyForDeploymentPostprocessing = 0;
		};
/* End PBXFrameworksBuildPhase section */

/* Begin PBXGroup section */
		DB48E95022919C0600EC3AED /* Frameworks */ = {
			isa = PBXGroup;
			children = (
				DB48E95322919D6500EC3AED /* QuickLayout.framework */,
				DB48E95122919C0600EC3AED /* SwiftEntryKit.framework */,
			);
			name = Frameworks;
			sourceTree = "<group>";
		};
		DB83719A2270C4270051F701 /* UIKitElements */ = {
			isa = PBXGroup;
			children = (
				DB83719F2270C4750051F701 /* EditView.swift */,
				DB83719C2270C4520051F701 /* BoldCell.swift */,
				DB83719B2270C4520051F701 /* BouncyView.swift */,
				DB624DBE22906AA60069C25F /* PointerView.swift */,
			);
			path = UIKitElements;
			sourceTree = "<group>";
		};
		DB8371A12270C48D0051F701 /* DataSources */ = {
			isa = PBXGroup;
			children = (
				DB8371A22270C48D0051F701 /* CreationObjectDataSource.swift */,
			);
			path = DataSources;
			sourceTree = "<group>";
		};
		DB9DD67A2270871700EF7EC8 = {
			isa = PBXGroup;
			children = (
				DB9DD6852270871700EF7EC8 /* Pneumatica-ARKit */,
				DB9DD6842270871700EF7EC8 /* Products */,
				DB48E95022919C0600EC3AED /* Frameworks */,
			);
			sourceTree = "<group>";
		};
		DB9DD6842270871700EF7EC8 /* Products */ = {
			isa = PBXGroup;
			children = (
				DB9DD6832270871700EF7EC8 /* Pneumatica-ARKit.app */,
			);
			name = Products;
			sourceTree = "<group>";
		};
		DB9DD6852270871700EF7EC8 /* Pneumatica-ARKit */ = {
			isa = PBXGroup;
			children = (
				DB83719A2270C4270051F701 /* UIKitElements */,
				DBDC8922227087470092E4A5 /* SupportingFiles */,
				DB9DD6882270871700EF7EC8 /* Assets.scnassets */,
				DB9DD68F2270871800EF7EC8 /* Assets.xcassets */,
				DBB7933822708BB9007EB614 /* Utilities.swift */,
				DBA739392271C60D001BF29E /* SaverModel */,
				DB8371A12270C48D0051F701 /* DataSources */,
				DBB7933122708B2B007EB614 /* Textures */,
				DBB7930F22708ACA007EB614 /* Pneumatica */,
				DB9DD68A2270871700EF7EC8 /* ViewController.swift */,
				DB624DEF229083DA0069C25F /* EditsMode.swift */,
				DB624DF1229085C30069C25F /* Packets.swift */,
			);
			path = "Pneumatica-ARKit";
			sourceTree = "<group>";
		};
		DBA739392271C60D001BF29E /* SaverModel */ = {
			isa = PBXGroup;
			children = (
				DBA7393A2271C60D001BF29E /* Saver.swift */,
				DBA7393B2271C60D001BF29E /* Loader.swift */,
				DBA7393C2271C60D001BF29E /* DiskObjects.swift */,
			);
			path = SaverModel;
			sourceTree = "<group>";
		};
		DBB7930F22708ACA007EB614 /* Pneumatica */ = {
			isa = PBXGroup;
			children = (
				DBB7931E22708ACA007EB614 /* Protocols.swift */,
				DBB7931022708ACA007EB614 /* Bus */,
				DBB7931222708ACA007EB614 /* Objects */,
				DBB7931F22708ACA007EB614 /* Inputs */,
			);
			path = Pneumatica;
			sourceTree = "<group>";
		};
		DBB7931022708ACA007EB614 /* Bus */ = {
			isa = PBXGroup;
			children = (
				DBB7931122708ACA007EB614 /* Line.swift */,
			);
			path = Bus;
			sourceTree = "<group>";
		};
		DBB7931222708ACA007EB614 /* Objects */ = {
			isa = PBXGroup;
			children = (
				DBB7931322708ACA007EB614 /* AND.swift */,
				DBB7931422708ACA007EB614 /* Pulsante.swift */,
				DBB7931522708ACA007EB614 /* CinqueDueBistabile.swift */,
				DBB7931622708ACA007EB614 /* TreDueMonostabileNC.swift */,
				DBB7931722708ACA007EB614 /* Timer.swift */,
				DBB7931822708ACA007EB614 /* GruppooFRL.swift */,
				DBB7931922708ACA007EB614 /* TreDueBistabile.swift */,
				DBB7931A22708ACA007EB614 /* Cilindro.swift */,
				DBB7931B22708ACA007EB614 /* Finecorsa.swift */,
				DBB7931C22708ACA007EB614 /* OR.swift */,
				DBB7931D22708ACA007EB614 /* CinqueDueMonostabili.swift */,
			);
			path = Objects;
			sourceTree = "<group>";
		};
		DBB7931F22708ACA007EB614 /* Inputs */ = {
			isa = PBXGroup;
			children = (
				DBB7932022708ACA007EB614 /* PressableInput.swift */,
				DBB7932122708ACA007EB614 /* InputOutput.swift */,
			);
			path = Inputs;
			sourceTree = "<group>";
		};
		DBB7933122708B2B007EB614 /* Textures */ = {
			isa = PBXGroup;
			children = (
				DBB7933222708B2B007EB614 /* hp3.jpg */,
				DBB7933322708B2B007EB614 /* hp.jpg */,
			);
			path = Textures;
			sourceTree = "<group>";
		};
		DBDC8922227087470092E4A5 /* SupportingFiles */ = {
			isa = PBXGroup;
			children = (
				DB785D632272104000C391F9 /* SCNVector3+MathUtils.swift */,
				DB8371A62270C75A0051F701 /* Extensions.swift */,
				DBB7933622708B57007EB614 /* Plane.swift */,
				DB9DD6912270871800EF7EC8 /* LaunchScreen.storyboard */,
				DB9DD6942270871800EF7EC8 /* Info.plist */,
				DB9DD68C2270871700EF7EC8 /* Main.storyboard */,
				DB9DD6862270871700EF7EC8 /* AppDelegate.swift */,
			);
			path = SupportingFiles;
			sourceTree = "<group>";
		};
/* End PBXGroup section */

/* Begin PBXNativeTarget section */
		DB9DD6822270871700EF7EC8 /* Pneumatica-ARKit */ = {
			isa = PBXNativeTarget;
			buildConfigurationList = DB9DD6972270871800EF7EC8 /* Build configuration list for PBXNativeTarget "Pneumatica-ARKit" */;
			buildPhases = (
				DB9DD67F2270871700EF7EC8 /* Sources */,
				DB9DD6802270871700EF7EC8 /* Frameworks */,
				DB9DD6812270871700EF7EC8 /* Resources */,
				DB48E94F22919B2D00EC3AED /* ShellScript */,
			);
			buildRules = (
			);
			dependencies = (
			);
			name = "Pneumatica-ARKit";
			productName = "Pneumatica-ARKit";
			productReference = DB9DD6832270871700EF7EC8 /* Pneumatica-ARKit.app */;
			productType = "com.apple.product-type.application";
		};
/* End PBXNativeTarget section */

/* Begin PBXProject section */
		DB9DD67B2270871700EF7EC8 /* Project object */ = {
			isa = PBXProject;
			attributes = {
				LastSwiftUpdateCheck = 1020;
				LastUpgradeCheck = 1020;
				ORGANIZATIONNAME = "Dani Tox";
				TargetAttributes = {
					DB9DD6822270871700EF7EC8 = {
						CreatedOnToolsVersion = 10.2.1;
					};
				};
			};
			buildConfigurationList = DB9DD67E2270871700EF7EC8 /* Build configuration list for PBXProject "Pneumatica-ARKit" */;
			compatibilityVersion = "Xcode 9.3";
			developmentRegion = en;
			hasScannedForEncodings = 0;
			knownRegions = (
				en,
				Base,
			);
			mainGroup = DB9DD67A2270871700EF7EC8;
			productRefGroup = DB9DD6842270871700EF7EC8 /* Products */;
			projectDirPath = "";
			projectRoot = "";
			targets = (
				DB9DD6822270871700EF7EC8 /* Pneumatica-ARKit */,
			);
		};
/* End PBXProject section */

/* Begin PBXResourcesBuildPhase section */
		DB9DD6812270871700EF7EC8 /* Resources */ = {
			isa = PBXResourcesBuildPhase;
			buildActionMask = 2147483647;
			files = (
				DBB7933422708B2B007EB614 /* hp3.jpg in Resources */,
				DBB7933522708B2B007EB614 /* hp.jpg in Resources */,
				DB9DD6892270871700EF7EC8 /* Assets.scnassets in Resources */,
				DB9DD6932270871800EF7EC8 /* LaunchScreen.storyboard in Resources */,
				DB9DD6902270871800EF7EC8 /* Assets.xcassets in Resources */,
				DB9DD68E2270871700EF7EC8 /* Main.storyboard in Resources */,
			);
			runOnlyForDeploymentPostprocessing = 0;
		};
/* End PBXResourcesBuildPhase section */

/* Begin PBXShellScriptBuildPhase section */
		DB48E94F22919B2D00EC3AED /* ShellScript */ = {
			isa = PBXShellScriptBuildPhase;
			buildActionMask = 2147483647;
			files = (
			);
			inputFileListPaths = (
			);
			inputPaths = (
				"$(SRCROOT)/Frameworks/Carthage/Build/iOS/SwiftEntryKit.framework",
				"$(SRCROOT)/Frameworks/Carthage/Build/iOS/QuickLayout.framework",
			);
			outputFileListPaths = (
				"",
			);
			outputPaths = (
			);
			runOnlyForDeploymentPostprocessing = 0;
			shellPath = /bin/sh;
			shellScript = "# Type a script or drag a script file from your workspace to insert its path.\n/usr/local/bin/carthage copy-frameworks\n";
		};
/* End PBXShellScriptBuildPhase section */

/* Begin PBXSourcesBuildPhase section */
		DB9DD67F2270871700EF7EC8 /* Sources */ = {
			isa = PBXSourcesBuildPhase;
			buildActionMask = 2147483647;
			files = (
				DBB7932F22708ACA007EB614 /* PressableInput.swift in Sources */,
				DB83719E2270C4520051F701 /* BoldCell.swift in Sources */,
				DB8371A02270C4750051F701 /* EditView.swift in Sources */,
				DBB7932E22708ACA007EB614 /* Protocols.swift in Sources */,
				DB624DF2229085C30069C25F /* Packets.swift in Sources */,
				DBB7932222708ACA007EB614 /* Line.swift in Sources */,
				DBB7932D22708ACA007EB614 /* CinqueDueMonostabili.swift in Sources */,
				DB9DD68B2270871700EF7EC8 /* ViewController.swift in Sources */,
				DBB7932C22708ACA007EB614 /* OR.swift in Sources */,
				DB9DD6872270871700EF7EC8 /* AppDelegate.swift in Sources */,
				DBB7932A22708ACA007EB614 /* Cilindro.swift in Sources */,
				DBB7932322708ACA007EB614 /* AND.swift in Sources */,
				DBB7932922708ACA007EB614 /* TreDueBistabile.swift in Sources */,
				DB624DF0229083DA0069C25F /* EditsMode.swift in Sources */,
				DBB7933722708B57007EB614 /* Plane.swift in Sources */,
				DBB7933022708ACA007EB614 /* InputOutput.swift in Sources */,
				DB8371A42270C48D0051F701 /* CreationObjectDataSource.swift in Sources */,
				DBA7393F2271C60D001BF29E /* DiskObjects.swift in Sources */,
				DBB7932622708ACA007EB614 /* TreDueMonostabileNC.swift in Sources */,
				DB624DBF22906AA60069C25F /* PointerView.swift in Sources */,
				DBB7933922708BB9007EB614 /* Utilities.swift in Sources */,
				DBB7932422708ACA007EB614 /* Pulsante.swift in Sources */,
				DBB7932B22708ACA007EB614 /* Finecorsa.swift in Sources */,
				DB8371A72270C75A0051F701 /* Extensions.swift in Sources */,
				DB785D642272104000C391F9 /* SCNVector3+MathUtils.swift in Sources */,
				DBB7932822708ACA007EB614 /* GruppooFRL.swift in Sources */,
				DBB7932522708ACA007EB614 /* CinqueDueBistabile.swift in Sources */,
				DBA7393E2271C60D001BF29E /* Loader.swift in Sources */,
				DBA7393D2271C60D001BF29E /* Saver.swift in Sources */,
				DB83719D2270C4520051F701 /* BouncyView.swift in Sources */,
				DBB7932722708ACA007EB614 /* Timer.swift in Sources */,
			);
			runOnlyForDeploymentPostprocessing = 0;
		};
/* End PBXSourcesBuildPhase section */

/* Begin PBXVariantGroup section */
		DB9DD68C2270871700EF7EC8 /* Main.storyboard */ = {
			isa = PBXVariantGroup;
			children = (
				DB9DD68D2270871700EF7EC8 /* Base */,
			);
			name = Main.storyboard;
			sourceTree = "<group>";
		};
		DB9DD6912270871800EF7EC8 /* LaunchScreen.storyboard */ = {
			isa = PBXVariantGroup;
			children = (
				DB9DD6922270871800EF7EC8 /* Base */,
			);
			name = LaunchScreen.storyboard;
			sourceTree = "<group>";
		};
/* End PBXVariantGroup section */

/* Begin XCBuildConfiguration section */
		DB9DD6952270871800EF7EC8 /* Debug */ = {
			isa = XCBuildConfiguration;
			buildSettings = {
				ALWAYS_SEARCH_USER_PATHS = NO;
				CLANG_ANALYZER_NONNULL = YES;
				CLANG_ANALYZER_NUMBER_OBJECT_CONVERSION = YES_AGGRESSIVE;
				CLANG_CXX_LANGUAGE_STANDARD = "gnu++14";
				CLANG_CXX_LIBRARY = "libc++";
				CLANG_ENABLE_MODULES = YES;
				CLANG_ENABLE_OBJC_ARC = YES;
				CLANG_ENABLE_OBJC_WEAK = YES;
				CLANG_WARN_BLOCK_CAPTURE_AUTORELEASING = YES;
				CLANG_WARN_BOOL_CONVERSION = YES;
				CLANG_WARN_COMMA = YES;
				CLANG_WARN_CONSTANT_CONVERSION = YES;
				CLANG_WARN_DEPRECATED_OBJC_IMPLEMENTATIONS = YES;
				CLANG_WARN_DIRECT_OBJC_ISA_USAGE = YES_ERROR;
				CLANG_WARN_DOCUMENTATION_COMMENTS = YES;
				CLANG_WARN_EMPTY_BODY = YES;
				CLANG_WARN_ENUM_CONVERSION = YES;
				CLANG_WARN_INFINITE_RECURSION = YES;
				CLANG_WARN_INT_CONVERSION = YES;
				CLANG_WARN_NON_LITERAL_NULL_CONVERSION = YES;
				CLANG_WARN_OBJC_IMPLICIT_RETAIN_SELF = YES;
				CLANG_WARN_OBJC_LITERAL_CONVERSION = YES;
				CLANG_WARN_OBJC_ROOT_CLASS = YES_ERROR;
				CLANG_WARN_RANGE_LOOP_ANALYSIS = YES;
				CLANG_WARN_STRICT_PROTOTYPES = YES;
				CLANG_WARN_SUSPICIOUS_MOVE = YES;
				CLANG_WARN_UNGUARDED_AVAILABILITY = YES_AGGRESSIVE;
				CLANG_WARN_UNREACHABLE_CODE = YES;
				CLANG_WARN__DUPLICATE_METHOD_MATCH = YES;
				CODE_SIGN_IDENTITY = "iPhone Developer";
				COPY_PHASE_STRIP = NO;
				DEBUG_INFORMATION_FORMAT = dwarf;
				ENABLE_STRICT_OBJC_MSGSEND = YES;
				ENABLE_TESTABILITY = YES;
				GCC_C_LANGUAGE_STANDARD = gnu11;
				GCC_DYNAMIC_NO_PIC = NO;
				GCC_NO_COMMON_BLOCKS = YES;
				GCC_OPTIMIZATION_LEVEL = 0;
				GCC_PREPROCESSOR_DEFINITIONS = (
					"DEBUG=1",
					"$(inherited)",
				);
				GCC_WARN_64_TO_32_BIT_CONVERSION = YES;
				GCC_WARN_ABOUT_RETURN_TYPE = YES_ERROR;
				GCC_WARN_UNDECLARED_SELECTOR = YES;
				GCC_WARN_UNINITIALIZED_AUTOS = YES_AGGRESSIVE;
				GCC_WARN_UNUSED_FUNCTION = YES;
				GCC_WARN_UNUSED_VARIABLE = YES;
				IPHONEOS_DEPLOYMENT_TARGET = 12.2;
				MTL_ENABLE_DEBUG_INFO = INCLUDE_SOURCE;
				MTL_FAST_MATH = YES;
				ONLY_ACTIVE_ARCH = YES;
				SDKROOT = iphoneos;
				SWIFT_ACTIVE_COMPILATION_CONDITIONS = DEBUG;
				SWIFT_OPTIMIZATION_LEVEL = "-Onone";
			};
			name = Debug;
		};
		DB9DD6962270871800EF7EC8 /* Release */ = {
			isa = XCBuildConfiguration;
			buildSettings = {
				ALWAYS_SEARCH_USER_PATHS = NO;
				CLANG_ANALYZER_NONNULL = YES;
				CLANG_ANALYZER_NUMBER_OBJECT_CONVERSION = YES_AGGRESSIVE;
				CLANG_CXX_LANGUAGE_STANDARD = "gnu++14";
				CLANG_CXX_LIBRARY = "libc++";
				CLANG_ENABLE_MODULES = YES;
				CLANG_ENABLE_OBJC_ARC = YES;
				CLANG_ENABLE_OBJC_WEAK = YES;
				CLANG_WARN_BLOCK_CAPTURE_AUTORELEASING = YES;
				CLANG_WARN_BOOL_CONVERSION = YES;
				CLANG_WARN_COMMA = YES;
				CLANG_WARN_CONSTANT_CONVERSION = YES;
				CLANG_WARN_DEPRECATED_OBJC_IMPLEMENTATIONS = YES;
				CLANG_WARN_DIRECT_OBJC_ISA_USAGE = YES_ERROR;
				CLANG_WARN_DOCUMENTATION_COMMENTS = YES;
				CLANG_WARN_EMPTY_BODY = YES;
				CLANG_WARN_ENUM_CONVERSION = YES;
				CLANG_WARN_INFINITE_RECURSION = YES;
				CLANG_WARN_INT_CONVERSION = YES;
				CLANG_WARN_NON_LITERAL_NULL_CONVERSION = YES;
				CLANG_WARN_OBJC_IMPLICIT_RETAIN_SELF = YES;
				CLANG_WARN_OBJC_LITERAL_CONVERSION = YES;
				CLANG_WARN_OBJC_ROOT_CLASS = YES_ERROR;
				CLANG_WARN_RANGE_LOOP_ANALYSIS = YES;
				CLANG_WARN_STRICT_PROTOTYPES = YES;
				CLANG_WARN_SUSPICIOUS_MOVE = YES;
				CLANG_WARN_UNGUARDED_AVAILABILITY = YES_AGGRESSIVE;
				CLANG_WARN_UNREACHABLE_CODE = YES;
				CLANG_WARN__DUPLICATE_METHOD_MATCH = YES;
				CODE_SIGN_IDENTITY = "iPhone Developer";
				COPY_PHASE_STRIP = NO;
				DEBUG_INFORMATION_FORMAT = "dwarf-with-dsym";
				ENABLE_NS_ASSERTIONS = NO;
				ENABLE_STRICT_OBJC_MSGSEND = YES;
				GCC_C_LANGUAGE_STANDARD = gnu11;
				GCC_NO_COMMON_BLOCKS = YES;
				GCC_WARN_64_TO_32_BIT_CONVERSION = YES;
				GCC_WARN_ABOUT_RETURN_TYPE = YES_ERROR;
				GCC_WARN_UNDECLARED_SELECTOR = YES;
				GCC_WARN_UNINITIALIZED_AUTOS = YES_AGGRESSIVE;
				GCC_WARN_UNUSED_FUNCTION = YES;
				GCC_WARN_UNUSED_VARIABLE = YES;
				IPHONEOS_DEPLOYMENT_TARGET = 12.2;
				MTL_ENABLE_DEBUG_INFO = NO;
				MTL_FAST_MATH = YES;
				SDKROOT = iphoneos;
				SWIFT_COMPILATION_MODE = wholemodule;
				SWIFT_OPTIMIZATION_LEVEL = "-O";
				VALIDATE_PRODUCT = YES;
			};
			name = Release;
		};
		DB9DD6982270871800EF7EC8 /* Debug */ = {
			isa = XCBuildConfiguration;
			buildSettings = {
				ASSETCATALOG_COMPILER_APPICON_NAME = AppIcon;
				CODE_SIGN_STYLE = Automatic;
				DEVELOPMENT_TEAM = R779A64KR9;
				FRAMEWORK_SEARCH_PATHS = (
					"$(inherited)",
					"$(PROJECT_DIR)/Frameworks/Carthage/Build/iOS",
				);
				INFOPLIST_FILE = "$(SRCROOT)/Pneumatica-ARKit/SupportingFiles/Info.plist";
				IPHONEOS_DEPLOYMENT_TARGET = 12.0;
				LD_RUNPATH_SEARCH_PATHS = (
					"$(inherited)",
					"@executable_path/Frameworks",
				);
				PRODUCT_BUNDLE_IDENTIFIER = "com.danitox.Pneumatica-ARKit";
				PRODUCT_NAME = "$(TARGET_NAME)";
				SWIFT_VERSION = 5.0;
				TARGETED_DEVICE_FAMILY = "1,2";
			};
			name = Debug;
		};
		DB9DD6992270871800EF7EC8 /* Release */ = {
			isa = XCBuildConfiguration;
			buildSettings = {
				ASSETCATALOG_COMPILER_APPICON_NAME = AppIcon;
				CODE_SIGN_STYLE = Automatic;
				DEVELOPMENT_TEAM = R779A64KR9;
				FRAMEWORK_SEARCH_PATHS = (
					"$(inherited)",
					"$(PROJECT_DIR)/Frameworks/Carthage/Build/iOS",
				);
				INFOPLIST_FILE = "$(SRCROOT)/Pneumatica-ARKit/SupportingFiles/Info.plist";
				IPHONEOS_DEPLOYMENT_TARGET = 12.0;
				LD_RUNPATH_SEARCH_PATHS = (
					"$(inherited)",
					"@executable_path/Frameworks",
				);
				PRODUCT_BUNDLE_IDENTIFIER = "com.danitox.Pneumatica-ARKit";
				PRODUCT_NAME = "$(TARGET_NAME)";
				SWIFT_VERSION = 5.0;
				TARGETED_DEVICE_FAMILY = "1,2";
			};
			name = Release;
		};
/* End XCBuildConfiguration section */

/* Begin XCConfigurationList section */
		DB9DD67E2270871700EF7EC8 /* Build configuration list for PBXProject "Pneumatica-ARKit" */ = {
			isa = XCConfigurationList;
			buildConfigurations = (
				DB9DD6952270871800EF7EC8 /* Debug */,
				DB9DD6962270871800EF7EC8 /* Release */,
			);
			defaultConfigurationIsVisible = 0;
			defaultConfigurationName = Release;
		};
		DB9DD6972270871800EF7EC8 /* Build configuration list for PBXNativeTarget "Pneumatica-ARKit" */ = {
			isa = XCConfigurationList;
			buildConfigurations = (
				DB9DD6982270871800EF7EC8 /* Debug */,
				DB9DD6992270871800EF7EC8 /* Release */,
			);
			defaultConfigurationIsVisible = 0;
			defaultConfigurationName = Release;
		};
/* End XCConfigurationList section */
	};
	rootObject = DB9DD67B2270871700EF7EC8 /* Project object */;
}
